
Microsoft Visual Studio Solution File, Format Version 12.00
# Visual Studio Version 16
VisualStudioVersion = 16.0.31410.357
MinimumVisualStudioVersion = 10.0.40219.1
Project("{8BC9CEB8-8B4A-11D0-8D11-00A0C91BC942}") = "QuanLyVatTu", "QuanLyVatTu\QuanLyVatTu.vcxproj", "{326EFAE6-D4B6-4FB0-B309-1D88AAA3473F}"
EndProject
Global
	GlobalSection(SolutionConfigurationPlatforms) = preSolution
		Debug|x64 = Debug|x64
		Debug|x86 = Debug|x86
		Release|x64 = Release|x64
		Release|x86 = Release|x86
	EndGlobalSection
	GlobalSection(ProjectConfigurationPlatforms) = postSolution
		{326EFAE6-D4B6-4FB0-B309-1D88AAA3473F}.Debug|x64.ActiveCfg = Debug|x64
		{326EFAE6-D4B6-4FB0-B309-1D88AAA3473F}.Debug|x64.Build.0 = Debug|x64
		{326EFAE6-D4B6-4FB0-B309-1D88AAA3473F}.Debug|x86.ActiveCfg = Debug|Win32
		{326EFAE6-D4B6-4FB0-B309-1D88AAA3473F}.Debug|x86.Build.0 = Debug|Win32
		{326EFAE6-D4B6-4FB0-B309-1D88AAA3473F}.Release|x64.ActiveCfg = Release|x64
		{326EFAE6-D4B6-4FB0-B309-1D88AAA3473F}.Release|x64.Build.0 = Release|x64
		{326EFAE6-D4B6-4FB0-B309-1D88AAA3473F}.Release|x86.ActiveCfg = Release|Win32
		{326EFAE6-D4B6-4FB0-B309-1D88AAA3473F}.Release|x86.Build.0 = Release|Win32
	EndGlobalSection
	GlobalSection(SolutionProperties) = preSolution
		HideSolutionNode = FALSE
	EndGlobalSection
	GlobalSection(ExtensibilityGlobals) = postSolution
		SolutionGuid = {E8D561E6-7856-46D4-AF70-6472E9F37639}
	EndGlobalSection
EndGlobal
